Microsoft Visual Studio Solution File, Format Version 12.00
# Visual Studio Version 17
VisualStudioVersion = 17.5.2.0
MinimumVisualStudioVersion = 10.0.40219.1
Project("{FAE04EC0-301F-11D3-BF4B-00C04F79EFBC}") = "CatCollectorAPI", "CatCollectorAPI\CatCollectorAPI.csproj", "{5C41F079-1902-13BD-5933-A1270B3F68AF}"
EndProject
Global
	GlobalSection(SolutionConfigurationPlatforms) = preSolution
		Debug|Any CPU = Debug|Any CPU
		Release|Any CPU = Release|Any CPU
	EndGlobalSection
	GlobalSection(ProjectConfigurationPlatforms) = postSolution
		{5C41F079-1902-13BD-5933-A1270B3F68AF}.Debug|Any CPU.ActiveCfg = Debug|Any CPU
		{5C41F079-1902-13BD-5933-A1270B3F68AF}.Debug|Any CPU.Build.0 = Debug|Any CPU
		{5C41F079-1902-13BD-5933-A1270B3F68AF}.Release|Any CPU.ActiveCfg = Release|Any CPU
		{5C41F079-1902-13BD-5933-A1270B3F68AF}.Release|Any CPU.Build.0 = Release|Any CPU
	EndGlobalSection
	GlobalSection(SolutionProperties) = preSolution
		HideSolutionNode = FALSE
	EndGlobalSection
	GlobalSection(ExtensibilityGlobals) = postSolution
		SolutionGuid = {66DEA305-9F83-47C7-8B1C-6B80D911C3DA}
	EndGlobalSection
EndGlobal
